
Microsoft Visual Studio Solution File, Format Version 12.00
# Visual Studio Version 17
VisualStudioVersion = 17.4.33110.190
MinimumVisualStudioVersion = 10.0.40219.1
Project("{9A19103F-16F7-4668-BE54-9A1E7A4F7556}") = "Application", "src\Application\Application.csproj", "{2F631370-9B6D-43A7-847B-0C9F6DDC500E}"
EndProject
Project("{9A19103F-16F7-4668-BE54-9A1E7A4F7556}") = "Domain", "src\Domain\Domain.csproj", "{B0FBD6B6-0A3D-4115-89A3-105DF24D542F}"
EndProject
Project("{9A19103F-16F7-4668-BE54-9A1E7A4F7556}") = "Infrastructure", "src\Infrastructure\Infrastructure.csproj", "{4D2E7466-12BC-4DFC-8F53-4105C5439705}"
EndProject
Project("{9A19103F-16F7-4668-BE54-9A1E7A4F7556}") = "Application.IntegrationTests", "tests\Application.IntegrationTests\Application.IntegrationTests.csproj", "{F258D104-A823-4AFE-9E0F-65A72E99FE32}"
EndProject
Project("{9A19103F-16F7-4668-BE54-9A1E7A4F7556}") = "Application.UnitTests", "tests\Application.UnitTests\Application.UnitTests.csproj", "{3126D23A-313A-497E-A907-1BE689AD81C4}"
EndProject
Project("{9A19103F-16F7-4668-BE54-9A1E7A4F7556}") = "Domain.UnitTests", "tests\Domain.UnitTests\Domain.UnitTests.csproj", "{1C4D3964-444F-404F-9DF9-75BF92E6404A}"
EndProject
Project("{2150E333-8FDC-42A3-9474-1A3956D46DE8}") = "src", "src", "{F4FFDC3C-06AB-41FC-B0C0-6C7C646D9206}"
EndProject
Project("{2150E333-8FDC-42A3-9474-1A3956D46DE8}") = "tests", "tests", "{593C65C0-7221-4DFD-829F-4C2F89895F3A}"
EndProject
Project("{9A19103F-16F7-4668-BE54-9A1E7A4F7556}") = "WebApi", "src\WebApi\WebApi.csproj", "{A163A877-29A8-4546-9238-6D0927A567F9}"
EndProject
Global
	GlobalSection(SolutionConfigurationPlatforms) = preSolution
		Debug|Any CPU = Debug|Any CPU
		Release|Any CPU = Release|Any CPU
	EndGlobalSection
	GlobalSection(ProjectConfigurationPlatforms) = postSolution
		{2F631370-9B6D-43A7-847B-0C9F6DDC500E}.Debug|Any CPU.ActiveCfg = Debug|Any CPU
		{2F631370-9B6D-43A7-847B-0C9F6DDC500E}.Debug|Any CPU.Build.0 = Debug|Any CPU
		{2F631370-9B6D-43A7-847B-0C9F6DDC500E}.Release|Any CPU.ActiveCfg = Release|Any CPU
		{2F631370-9B6D-43A7-847B-0C9F6DDC500E}.Release|Any CPU.Build.0 = Release|Any CPU
		{B0FBD6B6-0A3D-4115-89A3-105DF24D542F}.Debug|Any CPU.ActiveCfg = Debug|Any CPU
		{B0FBD6B6-0A3D-4115-89A3-105DF24D542F}.Debug|Any CPU.Build.0 = Debug|Any CPU
		{B0FBD6B6-0A3D-4115-89A3-105DF24D542F}.Release|Any CPU.ActiveCfg = Release|Any CPU
		{B0FBD6B6-0A3D-4115-89A3-105DF24D542F}.Release|Any CPU.Build.0 = Release|Any CPU
		{4D2E7466-12BC-4DFC-8F53-4105C5439705}.Debug|Any CPU.ActiveCfg = Debug|Any CPU
		{4D2E7466-12BC-4DFC-8F53-4105C5439705}.Debug|Any CPU.Build.0 = Debug|Any CPU
		{4D2E7466-12BC-4DFC-8F53-4105C5439705}.Release|Any CPU.ActiveCfg = Release|Any CPU
		{4D2E7466-12BC-4DFC-8F53-4105C5439705}.Release|Any CPU.Build.0 = Release|Any CPU
		{F258D104-A823-4AFE-9E0F-65A72E99FE32}.Debug|Any CPU.ActiveCfg = Debug|Any CPU
		{F258D104-A823-4AFE-9E0F-65A72E99FE32}.Debug|Any CPU.Build.0 = Debug|Any CPU
		{F258D104-A823-4AFE-9E0F-65A72E99FE32}.Release|Any CPU.ActiveCfg = Release|Any CPU
		{F258D104-A823-4AFE-9E0F-65A72E99FE32}.Release|Any CPU.Build.0 = Release|Any CPU
		{3126D23A-313A-497E-A907-1BE689AD81C4}.Debug|Any CPU.ActiveCfg = Debug|Any CPU
		{3126D23A-313A-497E-A907-1BE689AD81C4}.Debug|Any CPU.Build.0 = Debug|Any CPU
		{3126D23A-313A-497E-A907-1BE689AD81C4}.Release|Any CPU.ActiveCfg = Release|Any CPU
		{3126D23A-313A-497E-A907-1BE689AD81C4}.Release|Any CPU.Build.0 = Release|Any CPU
		{1C4D3964-444F-404F-9DF9-75BF92E6404A}.Debug|Any CPU.ActiveCfg = Debug|Any CPU
		{1C4D3964-444F-404F-9DF9-75BF92E6404A}.Debug|Any CPU.Build.0 = Debug|Any CPU
		{1C4D3964-444F-404F-9DF9-75BF92E6404A}.Release|Any CPU.ActiveCfg = Release|Any CPU
		{1C4D3964-444F-404F-9DF9-75BF92E6404A}.Release|Any CPU.Build.0 = Release|Any CPU
		{A163A877-29A8-4546-9238-6D0927A567F9}.Debug|Any CPU.ActiveCfg = Debug|Any CPU
		{A163A877-29A8-4546-9238-6D0927A567F9}.Debug|Any CPU.Build.0 = Debug|Any CPU
		{A163A877-29A8-4546-9238-6D0927A567F9}.Release|Any CPU.ActiveCfg = Release|Any CPU
		{A163A877-29A8-4546-9238-6D0927A567F9}.Release|Any CPU.Build.0 = Release|Any CPU
	EndGlobalSection
	GlobalSection(SolutionProperties) = preSolution
		HideSolutionNode = FALSE
	EndGlobalSection
	GlobalSection(NestedProjects) = preSolution
		{2F631370-9B6D-43A7-847B-0C9F6DDC500E} = {F4FFDC3C-06AB-41FC-B0C0-6C7C646D9206}
		{B0FBD6B6-0A3D-4115-89A3-105DF24D542F} = {F4FFDC3C-06AB-41FC-B0C0-6C7C646D9206}
		{4D2E7466-12BC-4DFC-8F53-4105C5439705} = {F4FFDC3C-06AB-41FC-B0C0-6C7C646D9206}
		{F258D104-A823-4AFE-9E0F-65A72E99FE32} = {593C65C0-7221-4DFD-829F-4C2F89895F3A}
		{3126D23A-313A-497E-A907-1BE689AD81C4} = {593C65C0-7221-4DFD-829F-4C2F89895F3A}
		{1C4D3964-444F-404F-9DF9-75BF92E6404A} = {593C65C0-7221-4DFD-829F-4C2F89895F3A}
		{A163A877-29A8-4546-9238-6D0927A567F9} = {F4FFDC3C-06AB-41FC-B0C0-6C7C646D9206}
	EndGlobalSection
	GlobalSection(ExtensibilityGlobals) = postSolution
		SolutionGuid = {2088EAC8-6F5D-4C77-93E6-3E7734DCBB49}
	EndGlobalSection
EndGlobal
